
Microsoft Visual Studio Solution File, Format Version 12.00
# Visual Studio Version 16
VisualStudioVersion = 16.0.31729.503
MinimumVisualStudioVersion = 10.0.40219.1
Project("{FAE04EC0-301F-11D3-BF4B-00C04F79EFBC}") = "MNN", "MNN\MNN.csproj", "{30D1349A-8AEC-4E10-A8AA-76CD11CA087A}"
EndProject
Global
	GlobalSection(SolutionConfigurationPlatforms) = preSolution
		Debug|Any CPU = Debug|Any CPU
		Release|Any CPU = Release|Any CPU
	EndGlobalSection
	GlobalSection(ProjectConfigurationPlatforms) = postSolution
		{30D1349A-8AEC-4E10-A8AA-76CD11CA087A}.Debug|Any CPU.ActiveCfg = Debug|Any CPU
		{30D1349A-8AEC-4E10-A8AA-76CD11CA087A}.Debug|Any CPU.Build.0 = Debug|Any CPU
		{30D1349A-8AEC-4E10-A8AA-76CD11CA087A}.Release|Any CPU.ActiveCfg = Release|Any CPU
		{30D1349A-8AEC-4E10-A8AA-76CD11CA087A}.Release|Any CPU.Build.0 = Release|Any CPU
	EndGlobalSection
	GlobalSection(SolutionProperties) = preSolution
		HideSolutionNode = FALSE
	EndGlobalSection
	GlobalSection(ExtensibilityGlobals) = postSolution
		SolutionGuid = {4F971BE9-6940-479C-850D-0FB61E05E74F}
	EndGlobalSection
EndGlobal
