
Microsoft Visual Studio Solution File, Format Version 12.00
# Visual Studio Version 16
VisualStudioVersion = 16.0.31129.286
MinimumVisualStudioVersion = 10.0.40219.1
Project("{FAE04EC0-301F-11D3-BF4B-00C04F79EFBC}") = "CNN", "CNN\CNN.csproj", "{FE6EE3FE-91DA-413E-BD59-E1665F584D52}"
EndProject
Global
	GlobalSection(SolutionConfigurationPlatforms) = preSolution
		Debug|Any CPU = Debug|Any CPU
		Release|Any CPU = Release|Any CPU
	EndGlobalSection
	GlobalSection(ProjectConfigurationPlatforms) = postSolution
		{FE6EE3FE-91DA-413E-BD59-E1665F584D52}.Debug|Any CPU.ActiveCfg = Debug|Any CPU
		{FE6EE3FE-91DA-413E-BD59-E1665F584D52}.Debug|Any CPU.Build.0 = Debug|Any CPU
		{FE6EE3FE-91DA-413E-BD59-E1665F584D52}.Release|Any CPU.ActiveCfg = Release|Any CPU
		{FE6EE3FE-91DA-413E-BD59-E1665F584D52}.Release|Any CPU.Build.0 = Release|Any CPU
	EndGlobalSection
	GlobalSection(SolutionProperties) = preSolution
		HideSolutionNode = FALSE
	EndGlobalSection
	GlobalSection(ExtensibilityGlobals) = postSolution
		SolutionGuid = {B6E03547-F488-408C-BB7F-77F28D59BDE0}
	EndGlobalSection
EndGlobal
